lockfileVersion: '9.0'

settings:
  autoInstallPeers: true
  excludeLinksFromLockfile: false

importers:

  .:
    dependencies:
      dayjs:
        specifier: ^1.11.11
        version: 1.11.11
      zptrade-backtest:
        specifier: ^1.0.9
        version: 1.0.9

packages:

  dayjs@1.11.11:
    resolution: {integrity: sha512-okzr3f11N6WuqYtZSvm+F776mB41wRZMhKP+hc34YdW+KmtYYK9iqvHSwo2k9FEH3fhGXvOPV6yz2IcSrfRUDg==}

  ohm-js@17.1.0:
    resolution: {integrity: sha512-xc3B5dgAjTBQGHaH7B58M2Pmv6WvzrJ/3/7LeUzXNg0/sY3jQPdSd/S2SstppaleO77rifR1tyhdfFGNIwxf2Q==}
    engines: {node: '>=0.12.1'}

  ramda@0.30.0:
    resolution: {integrity: sha512-13Y0iMhIQuAm/wNGBL/9HEqIfRGmNmjKnTPlKWfA9f7dnDkr8d45wQ+S7+ZLh/Pq9PdcGxkqKUEA7ySu1QSd9Q==}

  simple-statistics@7.8.3:
    resolution: {integrity: sha512-JFvMY00t6SBGtwMuJ+nqgsx9ylkMiJ5JlK9bkj8AdvniIe5615wWQYkKHXe84XtSuc40G/tlrPu0A5/NlJvv8A==}

  zplang@1.0.54:
    resolution: {integrity: sha512-L4f7fRhE7swVG4hxHdxRhnmG7+ja+1hp3oq+Co5kGBwlcJCeqGhFAtCU6UXAMattLq3jyqtgjCLM9eSdq4EJVg==}

  zptrade-backtest@1.0.9:
    resolution: {integrity: sha512-5hWUcrhiZ8U4wADRZtDcY1wtXNa+pAHKS1MtrMBd7w8xbZsQMriLCKkaHAuwhmoNZ/qtQdR+nXqClajpxhqS8g==}

  zptrade@1.0.6:
    resolution: {integrity: sha512-VqrUQvqg1/WSZckFaUKax3q6YOhP4KmITZs2E83aIcHwydQllqA1zNqS67lPYuBvyJAhQJzhOuJrlby52iEX6A==}

snapshots:

  dayjs@1.11.11: {}

  ohm-js@17.1.0: {}

  ramda@0.30.0: {}

  simple-statistics@7.8.3: {}

  zplang@1.0.54:
    dependencies:
      dayjs: 1.11.11
      ohm-js: 17.1.0
      ramda: 0.30.0
      zptrade: 1.0.6

  zptrade-backtest@1.0.9:
    dependencies:
      dayjs: 1.11.11
      zplang: 1.0.54
      zptrade: 1.0.6

  zptrade@1.0.6:
    dependencies:
      dayjs: 1.11.11
      ramda: 0.30.0
      simple-statistics: 7.8.3
