lockfileVersion: '9.0'

settings:
  autoInstallPeers: true
  excludeLinksFromLockfile: false

importers:

  .:
    dependencies:
      zptrade-backtest:
        specifier: ^1.0.5
        version: 1.0.5
    devDependencies:
      zplang-backtest:
        specifier: ^1.0.3
        version: 1.0.3

packages:

  '@zapant/core@2.0.8':
    resolution: {integrity: sha512-Ek+2GK5bKhOOMxrE625+Q3WplZnEQHmJqRwylOiOPu2qeNbH0M0dCuIUmohi3i13uZJPGrOcIpiJobnLgeBPjw==}

  '@zapant/indicators@1.0.8':
    resolution: {integrity: sha512-4laMXfBC3joiSJRtXqzVF/b51P5yQ8Juj6ylRyyGzsxoqNOAfMkVX6e0Rola5TD1gFdiAriQUha51fQxfZhaAg==}

  dayjs@1.11.11:
    resolution: {integrity: sha512-okzr3f11N6WuqYtZSvm+F776mB41wRZMhKP+hc34YdW+KmtYYK9iqvHSwo2k9FEH3fhGXvOPV6yz2IcSrfRUDg==}

  ohm-js@17.1.0:
    resolution: {integrity: sha512-xc3B5dgAjTBQGHaH7B58M2Pmv6WvzrJ/3/7LeUzXNg0/sY3jQPdSd/S2SstppaleO77rifR1tyhdfFGNIwxf2Q==}
    engines: {node: '>=0.12.1'}

  ramda@0.30.0:
    resolution: {integrity: sha512-13Y0iMhIQuAm/wNGBL/9HEqIfRGmNmjKnTPlKWfA9f7dnDkr8d45wQ+S7+ZLh/Pq9PdcGxkqKUEA7ySu1QSd9Q==}

  simple-statistics@7.8.3:
    resolution: {integrity: sha512-JFvMY00t6SBGtwMuJ+nqgsx9ylkMiJ5JlK9bkj8AdvniIe5615wWQYkKHXe84XtSuc40G/tlrPu0A5/NlJvv8A==}

  zod@3.23.8:
    resolution: {integrity: sha512-XBx9AXhXktjUqnepgTiE5flcKIYWi/rme0Eaj+5Y0lftuGBq+jyRu/md4WnuxqgP1ubdpNCsYEYPxrzVHD8d6g==}

  zplang-backtest@1.0.3:
    resolution: {integrity: sha512-rpMm7/jbQ8W8DZ3HLH6BhFYoZgrsk/9NbAMnomhzOqwIs/uuwnAQ0+3mwAnwYgvj45SG8T3tjvivNBvVUP/n9A==}

  zplang@1.0.49:
    resolution: {integrity: sha512-vCMeF34kJ7LIzQE8nX6jARh9qloeaTr97kzLM2Ww1RjqoPjtTcuu8I+xkaOuXfSXval9RzKBOY7+vILFj2oZvw==}

  zplang@1.0.51:
    resolution: {integrity: sha512-NKZ6mMAaH0H5hiuDaFoVrkZSb9eNZRNrvwaDG5uODtVOZ4hdhDDJzjClgUJGoOlfN81rZrhyjyweYF2kGqfmHA==}

  zptrade-backtest@1.0.5:
    resolution: {integrity: sha512-90ew0sgadpXxCENg2N1IwNacPddmcy1Pwv13QkOJEXTdN5z4IEecoGprz2z8N/6Dir9v0MIssRAbcpfEiw2fqQ==}

  zptrade@1.0.3:
    resolution: {integrity: sha512-I3lh8oVhFSVPGq1/oVRDOwcK1OOYxn0UEenKm57e7NyOoyqhY1Wslt5j3t/9kaynEdFuxPVyjS3Eb+pRqOL2HA==}

snapshots:

  '@zapant/core@2.0.8':
    dependencies:
      dayjs: 1.11.11
      ramda: 0.30.0
      zod: 3.23.8

  '@zapant/indicators@1.0.8':
    dependencies:
      dayjs: 1.11.11
      ramda: 0.30.0
      simple-statistics: 7.8.3

  dayjs@1.11.11: {}

  ohm-js@17.1.0: {}

  ramda@0.30.0: {}

  simple-statistics@7.8.3: {}

  zod@3.23.8: {}

  zplang-backtest@1.0.3:
    dependencies:
      dayjs: 1.11.11
      ramda: 0.30.0
      zplang: 1.0.49

  zplang@1.0.49:
    dependencies:
      '@zapant/core': 2.0.8
      '@zapant/indicators': 1.0.8
      dayjs: 1.11.11
      ohm-js: 17.1.0
      ramda: 0.30.0

  zplang@1.0.51:
    dependencies:
      '@zapant/indicators': 1.0.8
      dayjs: 1.11.11
      ohm-js: 17.1.0
      ramda: 0.30.0
      zptrade: 1.0.3

  zptrade-backtest@1.0.5:
    dependencies:
      dayjs: 1.11.11
      ramda: 0.30.0
      zplang: 1.0.51
      zptrade: 1.0.3

  zptrade@1.0.3:
    dependencies:
      dayjs: 1.11.11
      ramda: 0.30.0
      simple-statistics: 7.8.3
